
Microsoft Visual Studio Solution File, Format Version 11.00
# Visual C# Express 2010
Project("{FAE04EC0-301F-11D3-BF4B-00C04F79EFBC}") = "WoPR", "WoPR\WoPR\WoPR.csproj", "{5BE6C4BD-EE0A-4B11-81AF-38423D67385D}"
EndProject
Project("{96E2B04D-8817-42C6-938A-82C39BA4D311}") = "WoPRContent", "WoPR\WoPRContent\WoPRContent.contentproj", "{87EA892D-E43A-4874-9726-242D5766F4E2}"
EndProject
Global
	GlobalSection(SolutionConfigurationPlatforms) = preSolution
		Debug|x86 = Debug|x86
		Release|x86 = Release|x86
	EndGlobalSection
	GlobalSection(ProjectConfigurationPlatforms) = postSolution
		{5BE6C4BD-EE0A-4B11-81AF-38423D67385D}.Debug|x86.ActiveCfg = Debug|x86
		{5BE6C4BD-EE0A-4B11-81AF-38423D67385D}.Debug|x86.Build.0 = Debug|x86
		{5BE6C4BD-EE0A-4B11-81AF-38423D67385D}.Release|x86.ActiveCfg = Release|x86
		{5BE6C4BD-EE0A-4B11-81AF-38423D67385D}.Release|x86.Build.0 = Release|x86
		{87EA892D-E43A-4874-9726-242D5766F4E2}.Debug|x86.ActiveCfg = Debug|x86
		{87EA892D-E43A-4874-9726-242D5766F4E2}.Release|x86.ActiveCfg = Release|x86
	EndGlobalSection
	GlobalSection(SolutionProperties) = preSolution
		HideSolutionNode = FALSE
	EndGlobalSection
EndGlobal
